// !$*UTF8*$!
{
	archiveVersion = 1;
	classes = {
	};
	objectVersion = 46;
	objects = {

/* Begin PBXBuildFile section */
		7A9121C31F1ADEFF00366369 /* AppDelegate.swift in Sources */ = {isa = PBXBuildFile; fileRef = 7A9121C21F1ADEFF00366369 /* AppDelegate.swift */; };
		7A9121C51F1ADEFF00366369 /* ViewController.swift in Sources */ = {isa = PBXBuildFile; fileRef = 7A9121C41F1ADEFF00366369 /* ViewController.swift */; };
		7A9121C81F1ADEFF00366369 /* Main.storyboard in Resources */ = {isa = PBXBuildFile; fileRef = 7A9121C61F1ADEFF00366369 /* Main.storyboard */; };
		7A9121CA1F1ADEFF00366369 /* Assets.xcassets in Resources */ = {isa = PBXBuildFile; fileRef = 7A9121C91F1ADEFF00366369 /* Assets.xcassets */; };
		7A9121CD1F1ADEFF00366369 /* LaunchScreen.storyboard in Resources */ = {isa = PBXBuildFile; fileRef = 7A9121CB1F1ADEFF00366369 /* LaunchScreen.storyboard */; };
		7A9121DB1F1B058B00366369 /* IntentHandler.swift in Sources */ = {isa = PBXBuildFile; fileRef = 7A9121DA1F1B058B00366369 /* IntentHandler.swift */; };
		7A9121E41F1B058B00366369 /* IntentsUI.framework in Frameworks */ = {isa = PBXBuildFile; fileRef = 7A9121E31F1B058B00366369 /* IntentsUI.framework */; };
		7A9121E71F1B058B00366369 /* IntentViewController.swift in Sources */ = {isa = PBXBuildFile; fileRef = 7A9121E61F1B058B00366369 /* IntentViewController.swift */; };
		7A9121EA1F1B058B00366369 /* MainInterface.storyboard in Resources */ = {isa = PBXBuildFile; fileRef = 7A9121E81F1B058B00366369 /* MainInterface.storyboard */; };
		7A9121EE1F1B058B00366369 /* Siri Intents ExtensionUI.appex in Embed App Extensions */ = {isa = PBXBuildFile; fileRef = 7A9121E11F1B058B00366369 /* Siri Intents ExtensionUI.appex */; settings = {ATTRIBUTES = (RemoveHeadersOnCopy, ); }; };
		7A9121F11F1B058B00366369 /* Siri Intents Extension.appex in Embed App Extensions */ = {isa = PBXBuildFile; fileRef = 7A9121D81F1B058B00366369 /* Siri Intents Extension.appex */; settings = {ATTRIBUTES = (RemoveHeadersOnCopy, ); }; };
/* End PBXBuildFile section */

/* Begin PBXContainerItemProxy section */
		7A9121EC1F1B058B00366369 /* PBXContainerItemProxy */ = {
			isa = PBXContainerItemProxy;
			containerPortal = 7A9121B71F1ADEFF00366369 /* Project object */;
			proxyType = 1;
			remoteGlobalIDString = 7A9121E01F1B058B00366369;
			remoteInfo = "Siri Intents ExtensionUI";
		};
		7A9121EF1F1B058B00366369 /* PBXContainerItemProxy */ = {
			isa = PBXContainerItemProxy;
			containerPortal = 7A9121B71F1ADEFF00366369 /* Project object */;
			proxyType = 1;
			remoteGlobalIDString = 7A9121D71F1B058B00366369;
			remoteInfo = "Siri Intents Extension";
		};
/* End PBXContainerItemProxy section */

/* Begin PBXCopyFilesBuildPhase section */
		7A9121F81F1B058B00366369 /* Embed App Extensions */ = {
			isa = PBXCopyFilesBuildPhase;
			buildActionMask = 2147483647;
			dstPath = "";
			dstSubfolderSpec = 13;
			files = (
				7A9121EE1F1B058B00366369 /* Siri Intents ExtensionUI.appex in Embed App Extensions */,
				7A9121F11F1B058B00366369 /* Siri Intents Extension.appex in Embed App Extensions */,
			);
			name = "Embed App Extensions";
			runOnlyForDeploymentPostprocessing = 0;
		};
/* End PBXCopyFilesBuildPhase section */

/* Begin PBXFileReference section */
		7A9121BF1F1ADEFF00366369 /* SiriTalk.app */ = {isa = PBXFileReference; explicitFileType = wrapper.application; includeInIndex = 0; path = SiriTalk.app; sourceTree = BUILT_PRODUCTS_DIR; };
		7A9121C21F1ADEFF00366369 /* AppDelegate.swift */ = {isa = PBXFileReference; lastKnownFileType = sourcecode.swift; path = AppDelegate.swift; sourceTree = "<group>"; };
		7A9121C41F1ADEFF00366369 /* ViewController.swift */ = {isa = PBXFileReference; lastKnownFileType = sourcecode.swift; path = ViewController.swift; sourceTree = "<group>"; };
		7A9121C71F1ADEFF00366369 /* Base */ = {isa = PBXFileReference; lastKnownFileType = file.storyboard; name = Base; path = Base.lproj/Main.storyboard; sourceTree = "<group>"; };
		7A9121C91F1ADEFF00366369 /* Assets.xcassets */ = {isa = PBXFileReference; lastKnownFileType = folder.assetcatalog; path = Assets.xcassets; sourceTree = "<group>"; };
		7A9121CC1F1ADEFF00366369 /* Base */ = {isa = PBXFileReference; lastKnownFileType = file.storyboard; name = Base; path = Base.lproj/LaunchScreen.storyboard; sourceTree = "<group>"; };
		7A9121CE1F1ADEFF00366369 /* Info.plist */ = {isa = PBXFileReference; lastKnownFileType = text.plist.xml; path = Info.plist; sourceTree = "<group>"; };
		7A9121D81F1B058B00366369 /* Siri Intents Extension.appex */ = {isa = PBXFileReference; explicitFileType = "wrapper.app-extension"; includeInIndex = 0; path = "Siri Intents Extension.appex"; sourceTree = BUILT_PRODUCTS_DIR; };
		7A9121DA1F1B058B00366369 /* IntentHandler.swift */ = {isa = PBXFileReference; lastKnownFileType = sourcecode.swift; path = IntentHandler.swift; sourceTree = "<group>"; };
		7A9121DC1F1B058B00366369 /* Info.plist */ = {isa = PBXFileReference; lastKnownFileType = text.plist.xml; path = Info.plist; sourceTree = "<group>"; };
		7A9121E11F1B058B00366369 /* Siri Intents ExtensionUI.appex */ = {isa = PBXFileReference; explicitFileType = "wrapper.app-extension"; includeInIndex = 0; path = "Siri Intents ExtensionUI.appex"; sourceTree = BUILT_PRODUCTS_DIR; };
		7A9121E31F1B058B00366369 /* IntentsUI.framework */ = {isa = PBXFileReference; lastKnownFileType = wrapper.framework; name = IntentsUI.framework; path = System/Library/Frameworks/IntentsUI.framework; sourceTree = SDKROOT; };
		7A9121E61F1B058B00366369 /* IntentViewController.swift */ = {isa = PBXFileReference; lastKnownFileType = sourcecode.swift; path = IntentViewController.swift; sourceTree = "<group>"; };
		7A9121E91F1B058B00366369 /* Base */ = {isa = PBXFileReference; lastKnownFileType = file.storyboard; name = Base; path = Base.lproj/MainInterface.storyboard; sourceTree = "<group>"; };
		7A9121EB1F1B058B00366369 /* Info.plist */ = {isa = PBXFileReference; lastKnownFileType = text.plist.xml; path = Info.plist; sourceTree = "<group>"; };
/* End PBXFileReference section */

/* Begin PBXFrameworksBuildPhase section */
		7A9121BC1F1ADEFF00366369 /* Frameworks */ = {
			isa = PBXFrameworksBuildPhase;
			buildActionMask = 2147483647;
			files = (
			);
			runOnlyForDeploymentPostprocessing = 0;
		};
		7A9121D51F1B058B00366369 /* Frameworks */ = {
			isa = PBXFrameworksBuildPhase;
			buildActionMask = 2147483647;
			files = (
			);
			runOnlyForDeploymentPostprocessing = 0;
		};
		7A9121DE1F1B058B00366369 /* Frameworks */ = {
			isa = PBXFrameworksBuildPhase;
			buildActionMask = 2147483647;
			files = (
				7A9121E41F1B058B00366369 /* IntentsUI.framework in Frameworks */,
			);
			runOnlyForDeploymentPostprocessing = 0;
		};
/* End PBXFrameworksBuildPhase section */

/* Begin PBXGroup section */
		7A9121B61F1ADEFF00366369 = {
			isa = PBXGroup;
			children = (
				7A9121C11F1ADEFF00366369 /* SiriTalk */,
				7A9121D91F1B058B00366369 /* Siri Intents Extension */,
				7A9121E51F1B058B00366369 /* Siri Intents ExtensionUI */,
				7A9121E21F1B058B00366369 /* Frameworks */,
				7A9121C01F1ADEFF00366369 /* Products */,
			);
			sourceTree = "<group>";
		};
		7A9121C01F1ADEFF00366369 /* Products */ = {
			isa = PBXGroup;
			children = (
				7A9121BF1F1ADEFF00366369 /* SiriTalk.app */,
				7A9121D81F1B058B00366369 /* Siri Intents Extension.appex */,
				7A9121E11F1B058B00366369 /* Siri Intents ExtensionUI.appex */,
			);
			name = Products;
			sourceTree = "<group>";
		};
		7A9121C11F1ADEFF00366369 /* SiriTalk */ = {
			isa = PBXGroup;
			children = (
				7A9121C21F1ADEFF00366369 /* AppDelegate.swift */,
				7A9121C41F1ADEFF00366369 /* ViewController.swift */,
				7A9121C61F1ADEFF00366369 /* Main.storyboard */,
				7A9121C91F1ADEFF00366369 /* Assets.xcassets */,
				7A9121CB1F1ADEFF00366369 /* LaunchScreen.storyboard */,
				7A9121CE1F1ADEFF00366369 /* Info.plist */,
			);
			path = SiriTalk;
			sourceTree = "<group>";
		};
		7A9121D91F1B058B00366369 /* Siri Intents Extension */ = {
			isa = PBXGroup;
			children = (
				7A9121DA1F1B058B00366369 /* IntentHandler.swift */,
				7A9121DC1F1B058B00366369 /* Info.plist */,
			);
			path = "Siri Intents Extension";
			sourceTree = "<group>";
		};
		7A9121E21F1B058B00366369 /* Frameworks */ = {
			isa = PBXGroup;
			children = (
				7A9121E31F1B058B00366369 /* IntentsUI.framework */,
			);
			name = Frameworks;
			sourceTree = "<group>";
		};
		7A9121E51F1B058B00366369 /* Siri Intents ExtensionUI */ = {
			isa = PBXGroup;
			children = (
				7A9121E61F1B058B00366369 /* IntentViewController.swift */,
				7A9121E81F1B058B00366369 /* MainInterface.storyboard */,
				7A9121EB1F1B058B00366369 /* Info.plist */,
			);
			path = "Siri Intents ExtensionUI";
			sourceTree = "<group>";
		};
/* End PBXGroup section */

/* Begin PBXNativeTarget section */
		7A9121BE1F1ADEFF00366369 /* SiriTalk */ = {
			isa = PBXNativeTarget;
			buildConfigurationList = 7A9121D11F1ADEFF00366369 /* Build configuration list for PBXNativeTarget "SiriTalk" */;
			buildPhases = (
				7A9121BB1F1ADEFF00366369 /* Sources */,
				7A9121BC1F1ADEFF00366369 /* Frameworks */,
				7A9121BD1F1ADEFF00366369 /* Resources */,
				7A9121F81F1B058B00366369 /* Embed App Extensions */,
			);
			buildRules = (
			);
			dependencies = (
				7A9121ED1F1B058B00366369 /* PBXTargetDependency */,
				7A9121F01F1B058B00366369 /* PBXTargetDependency */,
			);
			name = SiriTalk;
			productName = SiriTalk;
			productReference = 7A9121BF1F1ADEFF00366369 /* SiriTalk.app */;
			productType = "com.apple.product-type.application";
		};
		7A9121D71F1B058B00366369 /* Siri Intents Extension */ = {
			isa = PBXNativeTarget;
			buildConfigurationList = 7A9121F51F1B058B00366369 /* Build configuration list for PBXNativeTarget "Siri Intents Extension" */;
			buildPhases = (
				7A9121D41F1B058B00366369 /* Sources */,
				7A9121D51F1B058B00366369 /* Frameworks */,
				7A9121D61F1B058B00366369 /* Resources */,
			);
			buildRules = (
			);
			dependencies = (
			);
			name = "Siri Intents Extension";
			productName = "Siri Intents Extension";
			productReference = 7A9121D81F1B058B00366369 /* Siri Intents Extension.appex */;
			productType = "com.apple.product-type.app-extension";
		};
		7A9121E01F1B058B00366369 /* Siri Intents ExtensionUI */ = {
			isa = PBXNativeTarget;
			buildConfigurationList = 7A9121F21F1B058B00366369 /* Build configuration list for PBXNativeTarget "Siri Intents ExtensionUI" */;
			buildPhases = (
				7A9121DD1F1B058B00366369 /* Sources */,
				7A9121DE1F1B058B00366369 /* Frameworks */,
				7A9121DF1F1B058B00366369 /* Resources */,
			);
			buildRules = (
			);
			dependencies = (
			);
			name = "Siri Intents ExtensionUI";
			productName = "Siri Intents ExtensionUI";
			productReference = 7A9121E11F1B058B00366369 /* Siri Intents ExtensionUI.appex */;
			productType = "com.apple.product-type.app-extension";
		};
/* End PBXNativeTarget section */

/* Begin PBXProject section */
		7A9121B71F1ADEFF00366369 /* Project object */ = {
			isa = PBXProject;
			attributes = {
				LastSwiftUpdateCheck = 0830;
				LastUpgradeCheck = 0830;
				ORGANIZATIONNAME = "Adrien Maranville";
				TargetAttributes = {
					7A9121BE1F1ADEFF00366369 = {
						CreatedOnToolsVersion = 8.3.3;
						DevelopmentTeam = K9KEJDHY56;
						ProvisioningStyle = Automatic;
					};
					7A9121D71F1B058B00366369 = {
						CreatedOnToolsVersion = 8.3.3;
						DevelopmentTeam = K9KEJDHY56;
						ProvisioningStyle = Automatic;
					};
					7A9121E01F1B058B00366369 = {
						CreatedOnToolsVersion = 8.3.3;
						DevelopmentTeam = K9KEJDHY56;
						ProvisioningStyle = Automatic;
					};
				};
			};
			buildConfigurationList = 7A9121BA1F1ADEFF00366369 /* Build configuration list for PBXProject "SiriTalk" */;
			compatibilityVersion = "Xcode 3.2";
			developmentRegion = English;
			hasScannedForEncodings = 0;
			knownRegions = (
				en,
				Base,
			);
			mainGroup = 7A9121B61F1ADEFF00366369;
			productRefGroup = 7A9121C01F1ADEFF00366369 /* Products */;
			projectDirPath = "";
			projectRoot = "";
			targets = (
				7A9121BE1F1ADEFF00366369 /* SiriTalk */,
				7A9121D71F1B058B00366369 /* Siri Intents Extension */,
				7A9121E01F1B058B00366369 /* Siri Intents ExtensionUI */,
			);
		};
/* End PBXProject section */

/* Begin PBXResourcesBuildPhase section */
		7A9121BD1F1ADEFF00366369 /* Resources */ = {
			isa = PBXResourcesBuildPhase;
			buildActionMask = 2147483647;
			files = (
				7A9121CD1F1ADEFF00366369 /* LaunchScreen.storyboard in Resources */,
				7A9121CA1F1ADEFF00366369 /* Assets.xcassets in Resources */,
				7A9121C81F1ADEFF00366369 /* Main.storyboard in Resources */,
			);
			runOnlyForDeploymentPostprocessing = 0;
		};
		7A9121D61F1B058B00366369 /* Resources */ = {
			isa = PBXResourcesBuildPhase;
			buildActionMask = 2147483647;
			files = (
			);
			runOnlyForDeploymentPostprocessing = 0;
		};
		7A9121DF1F1B058B00366369 /* Resources */ = {
			isa = PBXResourcesBuildPhase;
			buildActionMask = 2147483647;
			files = (
				7A9121EA1F1B058B00366369 /* MainInterface.storyboard in Resources */,
			);
			runOnlyForDeploymentPostprocessing = 0;
		};
/* End PBXResourcesBuildPhase section */

/* Begin PBXSourcesBuildPhase section */
		7A9121BB1F1ADEFF00366369 /* Sources */ = {
			isa = PBXSourcesBuildPhase;
			buildActionMask = 2147483647;
			files = (
				7A9121C51F1ADEFF00366369 /* ViewController.swift in Sources */,
				7A9121C31F1ADEFF00366369 /* AppDelegate.swift in Sources */,
			);
			runOnlyForDeploymentPostprocessing = 0;
		};
		7A9121D41F1B058B00366369 /* Sources */ = {
			isa = PBXSourcesBuildPhase;
			buildActionMask = 2147483647;
			files = (
				7A9121DB1F1B058B00366369 /* IntentHandler.swift in Sources */,
			);
			runOnlyForDeploymentPostprocessing = 0;
		};
		7A9121DD1F1B058B00366369 /* Sources */ = {
			isa = PBXSourcesBuildPhase;
			buildActionMask = 2147483647;
			files = (
				7A9121E71F1B058B00366369 /* IntentViewController.swift in Sources */,
			);
			runOnlyForDeploymentPostprocessing = 0;
		};
/* End PBXSourcesBuildPhase section */

/* Begin PBXTargetDependency section */
		7A9121ED1F1B058B00366369 /* PBXTargetDependency */ = {
			isa = PBXTargetDependency;
			target = 7A9121E01F1B058B00366369 /* Siri Intents ExtensionUI */;
			targetProxy = 7A9121EC1F1B058B00366369 /* PBXContainerItemProxy */;
		};
		7A9121F01F1B058B00366369 /* PBXTargetDependency */ = {
			isa = PBXTargetDependency;
			target = 7A9121D71F1B058B00366369 /* Siri Intents Extension */;
			targetProxy = 7A9121EF1F1B058B00366369 /* PBXContainerItemProxy */;
		};
/* End PBXTargetDependency section */

/* Begin PBXVariantGroup section */
		7A9121C61F1ADEFF00366369 /* Main.storyboard */ = {
			isa = PBXVariantGroup;
			children = (
				7A9121C71F1ADEFF00366369 /* Base */,
			);
			name = Main.storyboard;
			sourceTree = "<group>";
		};
		7A9121CB1F1ADEFF00366369 /* LaunchScreen.storyboard */ = {
			isa = PBXVariantGroup;
			children = (
				7A9121CC1F1ADEFF00366369 /* Base */,
			);
			name = LaunchScreen.storyboard;
			sourceTree = "<group>";
		};
		7A9121E81F1B058B00366369 /* MainInterface.storyboard */ = {
			isa = PBXVariantGroup;
			children = (
				7A9121E91F1B058B00366369 /* Base */,
			);
			name = MainInterface.storyboard;
			sourceTree = "<group>";
		};
/* End PBXVariantGroup section */

/* Begin XCBuildConfiguration section */
		7A9121CF1F1ADEFF00366369 /* Debug */ = {
			isa = XCBuildConfiguration;
			buildSettings = {
				ALWAYS_SEARCH_USER_PATHS = NO;
				CLANG_ANALYZER_NONNULL = YES;
				CLANG_ANALYZER_NUMBER_OBJECT_CONVERSION = YES_AGGRESSIVE;
				CLANG_CXX_LANGUAGE_STANDARD = "gnu++0x";
				CLANG_CXX_LIBRARY = "libc++";
				CLANG_ENABLE_MODULES = YES;
				CLANG_ENABLE_OBJC_ARC = YES;
				CLANG_WARN_BOOL_CONVERSION = YES;
				CLANG_WARN_CONSTANT_CONVERSION = YES;
				CLANG_WARN_DIRECT_OBJC_ISA_USAGE = YES_ERROR;
				CLANG_WARN_DOCUMENTATION_COMMENTS = YES;
				CLANG_WARN_EMPTY_BODY = YES;
				CLANG_WARN_ENUM_CONVERSION = YES;
				CLANG_WARN_INFINITE_RECURSION = YES;
				CLANG_WARN_INT_CONVERSION = YES;
				CLANG_WARN_OBJC_ROOT_CLASS = YES_ERROR;
				CLANG_WARN_SUSPICIOUS_MOVE = YES;
				CLANG_WARN_UNREACHABLE_CODE = YES;
				CLANG_WARN__DUPLICATE_METHOD_MATCH = YES;
				"CODE_SIGN_IDENTITY[sdk=iphoneos*]" = "iPhone Developer";
				COPY_PHASE_STRIP = NO;
				DEBUG_INFORMATION_FORMAT = dwarf;
				ENABLE_STRICT_OBJC_MSGSEND = YES;
				ENABLE_TESTABILITY = YES;
				GCC_C_LANGUAGE_STANDARD = gnu99;
				GCC_DYNAMIC_NO_PIC = NO;
				GCC_NO_COMMON_BLOCKS = YES;
				GCC_OPTIMIZATION_LEVEL = 0;
				GCC_PREPROCESSOR_DEFINITIONS = (
					"DEBUG=1",
					"$(inherited)",
				);
				GCC_WARN_64_TO_32_BIT_CONVERSION = YES;
				GCC_WARN_ABOUT_RETURN_TYPE = YES_ERROR;
				GCC_WARN_UNDECLARED_SELECTOR = YES;
				GCC_WARN_UNINITIALIZED_AUTOS = YES_AGGRESSIVE;
				GCC_WARN_UNUSED_FUNCTION = YES;
				GCC_WARN_UNUSED_VARIABLE = YES;
				IPHONEOS_DEPLOYMENT_TARGET = 10.3;
				MTL_ENABLE_DEBUG_INFO = YES;
				ONLY_ACTIVE_ARCH = YES;
				SDKROOT = iphoneos;
				SWIFT_ACTIVE_COMPILATION_CONDITIONS = DEBUG;
				SWIFT_OPTIMIZATION_LEVEL = "-Onone";
				TARGETED_DEVICE_FAMILY = "1,2";
			};
			name = Debug;
		};
		7A9121D01F1ADEFF00366369 /* Release */ = {
			isa = XCBuildConfiguration;
			buildSettings = {
				ALWAYS_SEARCH_USER_PATHS = NO;
				CLANG_ANALYZER_NONNULL = YES;
				CLANG_ANALYZER_NUMBER_OBJECT_CONVERSION = YES_AGGRESSIVE;
				CLANG_CXX_LANGUAGE_STANDARD = "gnu++0x";
				CLANG_CXX_LIBRARY = "libc++";
				CLANG_ENABLE_MODULES = YES;
				CLANG_ENABLE_OBJC_ARC = YES;
				CLANG_WARN_BOOL_CONVERSION = YES;
				CLANG_WARN_CONSTANT_CONVERSION = YES;
				CLANG_WARN_DIRECT_OBJC_ISA_USAGE = YES_ERROR;
				CLANG_WARN_DOCUMENTATION_COMMENTS = YES;
				CLANG_WARN_EMPTY_BODY = YES;
				CLANG_WARN_ENUM_CONVERSION = YES;
				CLANG_WARN_INFINITE_RECURSION = YES;
				CLANG_WARN_INT_CONVERSION = YES;
				CLANG_WARN_OBJC_ROOT_CLASS = YES_ERROR;
				CLANG_WARN_SUSPICIOUS_MOVE = YES;
				CLANG_WARN_UNREACHABLE_CODE = YES;
				CLANG_WARN__DUPLICATE_METHOD_MATCH = YES;
				"CODE_SIGN_IDENTITY[sdk=iphoneos*]" = "iPhone Developer";
				COPY_PHASE_STRIP = NO;
				DEBUG_INFORMATION_FORMAT = "dwarf-with-dsym";
				ENABLE_NS_ASSERTIONS = NO;
				ENABLE_STRICT_OBJC_MSGSEND = YES;
				GCC_C_LANGUAGE_STANDARD = gnu99;
				GCC_NO_COMMON_BLOCKS = YES;
				GCC_WARN_64_TO_32_BIT_CONVERSION = YES;
				GCC_WARN_ABOUT_RETURN_TYPE = YES_ERROR;
				GCC_WARN_UNDECLARED_SELECTOR = YES;
				GCC_WARN_UNINITIALIZED_AUTOS = YES_AGGRESSIVE;
				GCC_WARN_UNUSED_FUNCTION = YES;
				GCC_WARN_UNUSED_VARIABLE = YES;
				IPHONEOS_DEPLOYMENT_TARGET = 10.3;
				MTL_ENABLE_DEBUG_INFO = NO;
				SDKROOT = iphoneos;
				SWIFT_OPTIMIZATION_LEVEL = "-Owholemodule";
				TARGETED_DEVICE_FAMILY = "1,2";
				VALIDATE_PRODUCT = YES;
			};
			name = Release;
		};
		7A9121D21F1ADEFF00366369 /* Debug */ = {
			isa = XCBuildConfiguration;
			buildSettings = {
				ALWAYS_EMBED_SWIFT_STANDARD_LIBRARIES = YES;
				ASSETCATALOG_COMPILER_APPICON_NAME = AppIcon;
				DEVELOPMENT_TEAM = K9KEJDHY56;
				INFOPLIST_FILE = SiriTalk/Info.plist;
				LD_RUNPATH_SEARCH_PATHS = "$(inherited) @executable_path/Frameworks";
				PRODUCT_BUNDLE_IDENTIFIER = IO.Maranville.SiriTalk;
				PRODUCT_NAME = "$(TARGET_NAME)";
				SWIFT_VERSION = 3.0;
			};
			name = Debug;
		};
		7A9121D31F1ADEFF00366369 /* Release */ = {
			isa = XCBuildConfiguration;
			buildSettings = {
				ALWAYS_EMBED_SWIFT_STANDARD_LIBRARIES = YES;
				ASSETCATALOG_COMPILER_APPICON_NAME = AppIcon;
				DEVELOPMENT_TEAM = K9KEJDHY56;
				INFOPLIST_FILE = SiriTalk/Info.plist;
				LD_RUNPATH_SEARCH_PATHS = "$(inherited) @executable_path/Frameworks";
				PRODUCT_BUNDLE_IDENTIFIER = IO.Maranville.SiriTalk;
				PRODUCT_NAME = "$(TARGET_NAME)";
				SWIFT_VERSION = 3.0;
			};
			name = Release;
		};
		7A9121F31F1B058B00366369 /* Debug */ = {
			isa = XCBuildConfiguration;
			buildSettings = {
				DEVELOPMENT_TEAM = K9KEJDHY56;
				INFOPLIST_FILE = "Siri Intents ExtensionUI/Info.plist";
				LD_RUNPATH_SEARCH_PATHS = "$(inherited) @executable_path/Frameworks @executable_path/../../Frameworks";
				PRODUCT_BUNDLE_IDENTIFIER = "IO.Maranville.SiriTalk.Siri-Intents-ExtensionUI";
				PRODUCT_NAME = "$(TARGET_NAME)";
				SKIP_INSTALL = YES;
				SWIFT_VERSION = 3.0;
			};
			name = Debug;
		};
		7A9121F41F1B058B00366369 /* Release */ = {
			isa = XCBuildConfiguration;
			buildSettings = {
				DEVELOPMENT_TEAM = K9KEJDHY56;
				INFOPLIST_FILE = "Siri Intents ExtensionUI/Info.plist";
				LD_RUNPATH_SEARCH_PATHS = "$(inherited) @executable_path/Frameworks @executable_path/../../Frameworks";
				PRODUCT_BUNDLE_IDENTIFIER = "IO.Maranville.SiriTalk.Siri-Intents-ExtensionUI";
				PRODUCT_NAME = "$(TARGET_NAME)";
				SKIP_INSTALL = YES;
				SWIFT_VERSION = 3.0;
			};
			name = Release;
		};
		7A9121F61F1B058B00366369 /* Debug */ = {
			isa = XCBuildConfiguration;
			buildSettings = {
				DEVELOPMENT_TEAM = K9KEJDHY56;
				INFOPLIST_FILE = "Siri Intents Extension/Info.plist";
				LD_RUNPATH_SEARCH_PATHS = "$(inherited) @executable_path/Frameworks @executable_path/../../Frameworks";
				PRODUCT_BUNDLE_IDENTIFIER = "IO.Maranville.SiriTalk.Siri-Intents-Extension";
				PRODUCT_NAME = "$(TARGET_NAME)";
				SKIP_INSTALL = YES;
				SWIFT_VERSION = 3.0;
			};
			name = Debug;
		};
		7A9121F71F1B058B00366369 /* Release */ = {
			isa = XCBuildConfiguration;
			buildSettings = {
				DEVELOPMENT_TEAM = K9KEJDHY56;
				INFOPLIST_FILE = "Siri Intents Extension/Info.plist";
				LD_RUNPATH_SEARCH_PATHS = "$(inherited) @executable_path/Frameworks @executable_path/../../Frameworks";
				PRODUCT_BUNDLE_IDENTIFIER = "IO.Maranville.SiriTalk.Siri-Intents-Extension";
				PRODUCT_NAME = "$(TARGET_NAME)";
				SKIP_INSTALL = YES;
				SWIFT_VERSION = 3.0;
			};
			name = Release;
		};
/* End XCBuildConfiguration section */

/* Begin XCConfigurationList section */
		7A9121BA1F1ADEFF00366369 /* Build configuration list for PBXProject "SiriTalk" */ = {
			isa = XCConfigurationList;
			buildConfigurations = (
				7A9121CF1F1ADEFF00366369 /* Debug */,
				7A9121D01F1ADEFF00366369 /* Release */,
			);
			defaultConfigurationIsVisible = 0;
			defaultConfigurationName = Release;
		};
		7A9121D11F1ADEFF00366369 /* Build configuration list for PBXNativeTarget "SiriTalk" */ = {
			isa = XCConfigurationList;
			buildConfigurations = (
				7A9121D21F1ADEFF00366369 /* Debug */,
				7A9121D31F1ADEFF00366369 /* Release */,
			);
			defaultConfigurationIsVisible = 0;
		};
		7A9121F21F1B058B00366369 /* Build configuration list for PBXNativeTarget "Siri Intents ExtensionUI" */ = {
			isa = XCConfigurationList;
			buildConfigurations = (
				7A9121F31F1B058B00366369 /* Debug */,
				7A9121F41F1B058B00366369 /* Release */,
			);
			defaultConfigurationIsVisible = 0;
		};
		7A9121F51F1B058B00366369 /* Build configuration list for PBXNativeTarget "Siri Intents Extension" */ = {
			isa = XCConfigurationList;
			buildConfigurations = (
				7A9121F61F1B058B00366369 /* Debug */,
				7A9121F71F1B058B00366369 /* Release */,
			);
			defaultConfigurationIsVisible = 0;
		};
/* End XCConfigurationList section */
	};
	rootObject = 7A9121B71F1ADEFF00366369 /* Project object */;
}
